
Microsoft Visual Studio Solution File, Format Version 12.00
# Visual Studio 2013
VisualStudioVersion = 12.0.40629.0
MinimumVisualStudioVersion = 10.0.40219.1
Project("{FAE04EC0-301F-11D3-BF4B-00C04F79EFBC}") = "SalarySlipBuilderApp", "SalarySlipBuilderApp\SalarySlipBuilderApp.csproj", "{6C871037-D754-4AA1-943B-ECC919A6F519}"
EndProject
Project("{FAE04EC0-301F-11D3-BF4B-00C04F79EFBC}") = "TemplateApp", "TemplateApp\TemplateApp.csproj", "{B6B1DBEE-7A43-4097-8642-2073486D10EB}"
EndProject
Project("{FAE04EC0-301F-11D3-BF4B-00C04F79EFBC}") = "SalarySlipBuilderApp.Forms", "SalarySlipBuilderApp.Forms\SalarySlipBuilderApp.Forms.csproj", "{0D9EE129-C1A6-4F09-87C8-1DE0C96E8134}"
EndProject
Global
	GlobalSection(SolutionConfigurationPlatforms) = preSolution
		Debug|Any CPU = Debug|Any CPU
		Release|Any CPU = Release|Any CPU
	EndGlobalSection
	GlobalSection(ProjectConfigurationPlatforms) = postSolution
		{6C871037-D754-4AA1-943B-ECC919A6F519}.Debug|Any CPU.ActiveCfg = Debug|Any CPU
		{6C871037-D754-4AA1-943B-ECC919A6F519}.Debug|Any CPU.Build.0 = Debug|Any CPU
		{6C871037-D754-4AA1-943B-ECC919A6F519}.Release|Any CPU.ActiveCfg = Release|Any CPU
		{6C871037-D754-4AA1-943B-ECC919A6F519}.Release|Any CPU.Build.0 = Release|Any CPU
		{B6B1DBEE-7A43-4097-8642-2073486D10EB}.Debug|Any CPU.ActiveCfg = Debug|Any CPU
		{B6B1DBEE-7A43-4097-8642-2073486D10EB}.Debug|Any CPU.Build.0 = Debug|Any CPU
		{B6B1DBEE-7A43-4097-8642-2073486D10EB}.Release|Any CPU.ActiveCfg = Release|Any CPU
		{B6B1DBEE-7A43-4097-8642-2073486D10EB}.Release|Any CPU.Build.0 = Release|Any CPU
		{0D9EE129-C1A6-4F09-87C8-1DE0C96E8134}.Debug|Any CPU.ActiveCfg = Debug|Any CPU
		{0D9EE129-C1A6-4F09-87C8-1DE0C96E8134}.Debug|Any CPU.Build.0 = Debug|Any CPU
		{0D9EE129-C1A6-4F09-87C8-1DE0C96E8134}.Release|Any CPU.ActiveCfg = Release|Any CPU
		{0D9EE129-C1A6-4F09-87C8-1DE0C96E8134}.Release|Any CPU.Build.0 = Release|Any CPU
	EndGlobalSection
	GlobalSection(SolutionProperties) = preSolution
		HideSolutionNode = FALSE
	EndGlobalSection
EndGlobal
